
Microsoft Visual Studio Solution File, Format Version 12.00
# Visual Studio Version 17
VisualStudioVersion = 17.5.33502.453
MinimumVisualStudioVersion = 10.0.40219.1
Project("{FAE04EC0-301F-11D3-BF4B-00C04F79EFBC}") = "VMK_L2k-2023-03-21_DataGrid", "VMK_L2k-2023-03-21_DataGrid\VMK_L2k-2023-03-21_DataGrid.csproj", "{CC201256-238C-4BB5-90F5-FA59EA57E610}"
EndProject
Global
	GlobalSection(SolutionConfigurationPlatforms) = preSolution
		Debug|Any CPU = Debug|Any CPU
		Release|Any CPU = Release|Any CPU
	EndGlobalSection
	GlobalSection(ProjectConfigurationPlatforms) = postSolution
		{CC201256-238C-4BB5-90F5-FA59EA57E610}.Debug|Any CPU.ActiveCfg = Debug|Any CPU
		{CC201256-238C-4BB5-90F5-FA59EA57E610}.Debug|Any CPU.Build.0 = Debug|Any CPU
		{CC201256-238C-4BB5-90F5-FA59EA57E610}.Release|Any CPU.ActiveCfg = Release|Any CPU
		{CC201256-238C-4BB5-90F5-FA59EA57E610}.Release|Any CPU.Build.0 = Release|Any CPU
	EndGlobalSection
	GlobalSection(SolutionProperties) = preSolution
		HideSolutionNode = FALSE
	EndGlobalSection
	GlobalSection(ExtensibilityGlobals) = postSolution
		SolutionGuid = {01DEA9AD-1440-421B-8440-27A6F379869B}
	EndGlobalSection
EndGlobal
